
Microsoft Visual Studio Solution File, Format Version 12.00
# Visual Studio Version 16
VisualStudioVersion = 16.0.33214.272
MinimumVisualStudioVersion = 10.0.40219.1
Project("{FAE04EC0-301F-11D3-BF4B-00C04F79EFBC}") = "Sistema de Cadastro", "Sistema de Cadastro\Sistema de Cadastro.csproj", "{D5FE0C0B-DCFE-4A73-947C-929D6D30260B}"
EndProject
Global
	GlobalSection(SolutionConfigurationPlatforms) = preSolution
		Debug|Any CPU = Debug|Any CPU
		Release|Any CPU = Release|Any CPU
	EndGlobalSection
	GlobalSection(ProjectConfigurationPlatforms) = postSolution
		{D5FE0C0B-DCFE-4A73-947C-929D6D30260B}.Debug|Any CPU.ActiveCfg = Debug|Any CPU
		{D5FE0C0B-DCFE-4A73-947C-929D6D30260B}.Debug|Any CPU.Build.0 = Debug|Any CPU
		{D5FE0C0B-DCFE-4A73-947C-929D6D30260B}.Release|Any CPU.ActiveCfg = Release|Any CPU
		{D5FE0C0B-DCFE-4A73-947C-929D6D30260B}.Release|Any CPU.Build.0 = Release|Any CPU
	EndGlobalSection
	GlobalSection(SolutionProperties) = preSolution
		HideSolutionNode = FALSE
	EndGlobalSection
	GlobalSection(ExtensibilityGlobals) = postSolution
		SolutionGuid = {F365E8E2-3040-4D8A-BA5B-88BE62BCA88D}
	EndGlobalSection
EndGlobal
